// !$*UTF8*$!
{
	archiveVersion = 1;
	classes = {
	};
	objectVersion = 46;
	objects = {

/* Begin PBXBuildFile section */
		03C154301C71FFDF0070B69B /* AppDelegate.swift in Sources */ = {isa = PBXBuildFile; fileRef = 03C1542F1C71FFDF0070B69B /* AppDelegate.swift */; };
		03C154321C71FFDF0070B69B /* ViewController.swift in Sources */ = {isa = PBXBuildFile; fileRef = 03C154311C71FFDF0070B69B /* ViewController.swift */; };
		03C154351C71FFDF0070B69B /* Main.storyboard in Resources */ = {isa = PBXBuildFile; fileRef = 03C154331C71FFDF0070B69B /* Main.storyboard */; };
		03C154371C71FFDF0070B69B /* Assets.xcassets in Resources */ = {isa = PBXBuildFile; fileRef = 03C154361C71FFDF0070B69B /* Assets.xcassets */; };
		03C1543A1C71FFDF0070B69B /* LaunchScreen.storyboard in Resources */ = {isa = PBXBuildFile; fileRef = 03C154381C71FFDF0070B69B /* LaunchScreen.storyboard */; };
		03C154481C7200690070B69B /* MQTTDecoder.swift in Sources */ = {isa = PBXBuildFile; fileRef = 03C154421C7200690070B69B /* MQTTDecoder.swift */; };
		03C154491C7200690070B69B /* MQTTEncoder.swift in Sources */ = {isa = PBXBuildFile; fileRef = 03C154431C7200690070B69B /* MQTTEncoder.swift */; };
		03C1544A1C7200690070B69B /* MqttManager.swift in Sources */ = {isa = PBXBuildFile; fileRef = 03C154441C7200690070B69B /* MqttManager.swift */; };
		03C1544B1C7200690070B69B /* MQTTMessage.swift in Sources */ = {isa = PBXBuildFile; fileRef = 03C154451C7200690070B69B /* MQTTMessage.swift */; };
		03C1544C1C7200690070B69B /* MQTTSession.swift in Sources */ = {isa = PBXBuildFile; fileRef = 03C154461C7200690070B69B /* MQTTSession.swift */; };
		03C1544D1C7200690070B69B /* MQTTTxFlow.swift in Sources */ = {isa = PBXBuildFile; fileRef = 03C154471C7200690070B69B /* MQTTTxFlow.swift */; };
/* End PBXBuildFile section */

/* Begin PBXFileReference section */
		03C1542C1C71FFDF0070B69B /* MNMqttSwift.app */ = {isa = PBXFileReference; explicitFileType = wrapper.application; includeInIndex = 0; path = MNMqttSwift.app; sourceTree = BUILT_PRODUCTS_DIR; };
		03C1542F1C71FFDF0070B69B /* AppDelegate.swift */ = {isa = PBXFileReference; lastKnownFileType = sourcecode.swift; path = AppDelegate.swift; sourceTree = "<group>"; };
		03C154311C71FFDF0070B69B /* ViewController.swift */ = {isa = PBXFileReference; lastKnownFileType = sourcecode.swift; path = ViewController.swift; sourceTree = "<group>"; };
		03C154341C71FFDF0070B69B /* Base */ = {isa = PBXFileReference; lastKnownFileType = file.storyboard; name = Base; path = Base.lproj/Main.storyboard; sourceTree = "<group>"; };
		03C154361C71FFDF0070B69B /* Assets.xcassets */ = {isa = PBXFileReference; lastKnownFileType = folder.assetcatalog; path = Assets.xcassets; sourceTree = "<group>"; };
		03C154391C71FFDF0070B69B /* Base */ = {isa = PBXFileReference; lastKnownFileType = file.storyboard; name = Base; path = Base.lproj/LaunchScreen.storyboard; sourceTree = "<group>"; };
		03C1543B1C71FFDF0070B69B /* Info.plist */ = {isa = PBXFileReference; lastKnownFileType = text.plist.xml; path = Info.plist; sourceTree = "<group>"; };
		03C154421C7200690070B69B /* MQTTDecoder.swift */ = {isa = PBXFileReference; fileEncoding = 4; lastKnownFileType = sourcecode.swift; path = MQTTDecoder.swift; sourceTree = "<group>"; };
		03C154431C7200690070B69B /* MQTTEncoder.swift */ = {isa = PBXFileReference; fileEncoding = 4; lastKnownFileType = sourcecode.swift; path = MQTTEncoder.swift; sourceTree = "<group>"; };
		03C154441C7200690070B69B /* MqttManager.swift */ = {isa = PBXFileReference; fileEncoding = 4; lastKnownFileType = sourcecode.swift; path = MqttManager.swift; sourceTree = "<group>"; };
		03C154451C7200690070B69B /* MQTTMessage.swift */ = {isa = PBXFileReference; fileEncoding = 4; lastKnownFileType = sourcecode.swift; path = MQTTMessage.swift; sourceTree = "<group>"; };
		03C154461C7200690070B69B /* MQTTSession.swift */ = {isa = PBXFileReference; fileEncoding = 4; lastKnownFileType = sourcecode.swift; path = MQTTSession.swift; sourceTree = "<group>"; };
		03C154471C7200690070B69B /* MQTTTxFlow.swift */ = {isa = PBXFileReference; fileEncoding = 4; lastKnownFileType = sourcecode.swift; path = MQTTTxFlow.swift; sourceTree = "<group>"; };
/* End PBXFileReference section */

/* Begin PBXFrameworksBuildPhase section */
		03C154291C71FFDF0070B69B /* Frameworks */ = {
			isa = PBXFrameworksBuildPhase;
			buildActionMask = 2147483647;
			files = (
			);
			runOnlyForDeploymentPostprocessing = 0;
		};
/* End PBXFrameworksBuildPhase section */

/* Begin PBXGroup section */
		03C154231C71FFDF0070B69B = {
			isa = PBXGroup;
			children = (
				03C1542E1C71FFDF0070B69B /* MNMqttSwift */,
				03C1542D1C71FFDF0070B69B /* Products */,
			);
			sourceTree = "<group>";
		};
		03C1542D1C71FFDF0070B69B /* Products */ = {
			isa = PBXGroup;
			children = (
				03C1542C1C71FFDF0070B69B /* MNMqttSwift.app */,
			);
			name = Products;
			sourceTree = "<group>";
		};
		03C1542E1C71FFDF0070B69B /* MNMqttSwift */ = {
			isa = PBXGroup;
			children = (
				03C154411C7200690070B69B /* MqttSwift */,
				03C1542F1C71FFDF0070B69B /* AppDelegate.swift */,
				03C154311C71FFDF0070B69B /* ViewController.swift */,
				03C154331C71FFDF0070B69B /* Main.storyboard */,
				03C154361C71FFDF0070B69B /* Assets.xcassets */,
				03C154381C71FFDF0070B69B /* LaunchScreen.storyboard */,
				03C1543B1C71FFDF0070B69B /* Info.plist */,
			);
			path = MNMqttSwift;
			sourceTree = "<group>";
		};
		03C154411C7200690070B69B /* MqttSwift */ = {
			isa = PBXGroup;
			children = (
				03C154441C7200690070B69B /* MqttManager.swift */,
				03C154421C7200690070B69B /* MQTTDecoder.swift */,
				03C154431C7200690070B69B /* MQTTEncoder.swift */,
				03C154451C7200690070B69B /* MQTTMessage.swift */,
				03C154461C7200690070B69B /* MQTTSession.swift */,
				03C154471C7200690070B69B /* MQTTTxFlow.swift */,
			);
			path = MqttSwift;
			sourceTree = "<group>";
		};
/* End PBXGroup section */

/* Begin PBXNativeTarget section */
		03C1542B1C71FFDF0070B69B /* MNMqttSwift */ = {
			isa = PBXNativeTarget;
			buildConfigurationList = 03C1543E1C71FFDF0070B69B /* Build configuration list for PBXNativeTarget "MNMqttSwift" */;
			buildPhases = (
				03C154281C71FFDF0070B69B /* Sources */,
				03C154291C71FFDF0070B69B /* Frameworks */,
				03C1542A1C71FFDF0070B69B /* Resources */,
			);
			buildRules = (
			);
			dependencies = (
			);
			name = MNMqttSwift;
			productName = MNMqttSwift;
			productReference = 03C1542C1C71FFDF0070B69B /* MNMqttSwift.app */;
			productType = "com.apple.product-type.application";
		};
/* End PBXNativeTarget section */

/* Begin PBXProject section */
		03C154241C71FFDF0070B69B /* Project object */ = {
			isa = PBXProject;
			attributes = {
				LastSwiftUpdateCheck = 0720;
				LastUpgradeCheck = 0720;
				ORGANIZATIONNAME = "com.*";
				TargetAttributes = {
					03C1542B1C71FFDF0070B69B = {
						CreatedOnToolsVersion = 7.2;
					};
				};
			};
			buildConfigurationList = 03C154271C71FFDF0070B69B /* Build configuration list for PBXProject "MNMqttSwift" */;
			compatibilityVersion = "Xcode 3.2";
			developmentRegion = English;
			hasScannedForEncodings = 0;
			knownRegions = (
				en,
				Base,
			);
			mainGroup = 03C154231C71FFDF0070B69B;
			productRefGroup = 03C1542D1C71FFDF0070B69B /* Products */;
			projectDirPath = "";
			projectRoot = "";
			targets = (
				03C1542B1C71FFDF0070B69B /* MNMqttSwift */,
			);
		};
/* End PBXProject section */

/* Begin PBXResourcesBuildPhase section */
		03C1542A1C71FFDF0070B69B /* Resources */ = {
			isa = PBXResourcesBuildPhase;
			buildActionMask = 2147483647;
			files = (
				03C1543A1C71FFDF0070B69B /* LaunchScreen.storyboard in Resources */,
				03C154371C71FFDF0070B69B /* Assets.xcassets in Resources */,
				03C154351C71FFDF0070B69B /* Main.storyboard in Resources */,
			);
			runOnlyForDeploymentPostprocessing = 0;
		};
/* End PBXResourcesBuildPhase section */

/* Begin PBXSourcesBuildPhase section */
		03C154281C71FFDF0070B69B /* Sources */ = {
			isa = PBXSourcesBuildPhase;
			buildActionMask = 2147483647;
			files = (
				03C1544C1C7200690070B69B /* MQTTSession.swift in Sources */,
				03C154321C71FFDF0070B69B /* ViewController.swift in Sources */,
				03C1544B1C7200690070B69B /* MQTTMessage.swift in Sources */,
				03C154481C7200690070B69B /* MQTTDecoder.swift in Sources */,
				03C154491C7200690070B69B /* MQTTEncoder.swift in Sources */,
				03C1544D1C7200690070B69B /* MQTTTxFlow.swift in Sources */,
				03C154301C71FFDF0070B69B /* AppDelegate.swift in Sources */,
				03C1544A1C7200690070B69B /* MqttManager.swift in Sources */,
			);
			runOnlyForDeploymentPostprocessing = 0;
		};
/* End PBXSourcesBuildPhase section */

/* Begin PBXVariantGroup section */
		03C154331C71FFDF0070B69B /* Main.storyboard */ = {
			isa = PBXVariantGroup;
			children = (
				03C154341C71FFDF0070B69B /* Base */,
			);
			name = Main.storyboard;
			sourceTree = "<group>";
		};
		03C154381C71FFDF0070B69B /* LaunchScreen.storyboard */ = {
			isa = PBXVariantGroup;
			children = (
				03C154391C71FFDF0070B69B /* Base */,
			);
			name = LaunchScreen.storyboard;
			sourceTree = "<group>";
		};
/* End PBXVariantGroup section */

/* Begin XCBuildConfiguration section */
		03C1543C1C71FFDF0070B69B /* Debug */ = {
			isa = XCBuildConfiguration;
			buildSettings = {
				ALWAYS_SEARCH_USER_PATHS = NO;
				CLANG_CXX_LANGUAGE_STANDARD = "gnu++0x";
				CLANG_CXX_LIBRARY = "libc++";
				CLANG_ENABLE_MODULES = YES;
				CLANG_ENABLE_OBJC_ARC = YES;
				CLANG_WARN_BOOL_CONVERSION = YES;
				CLANG_WARN_CONSTANT_CONVERSION = YES;
				CLANG_WARN_DIRECT_OBJC_ISA_USAGE = YES_ERROR;
				CLANG_WARN_EMPTY_BODY = YES;
				CLANG_WARN_ENUM_CONVERSION = YES;
				CLANG_WARN_INT_CONVERSION = YES;
				CLANG_WARN_OBJC_ROOT_CLASS = YES_ERROR;
				CLANG_WARN_UNREACHABLE_CODE = YES;
				CLANG_WARN__DUPLICATE_METHOD_MATCH = YES;
				"CODE_SIGN_IDENTITY[sdk=iphoneos*]" = "iPhone Developer";
				COPY_PHASE_STRIP = NO;
				DEBUG_INFORMATION_FORMAT = dwarf;
				ENABLE_STRICT_OBJC_MSGSEND = YES;
				ENABLE_TESTABILITY = YES;
				GCC_C_LANGUAGE_STANDARD = gnu99;
				GCC_DYNAMIC_NO_PIC = NO;
				GCC_NO_COMMON_BLOCKS = YES;
				GCC_OPTIMIZATION_LEVEL = 0;
				GCC_PREPROCESSOR_DEFINITIONS = (
					"DEBUG=1",
					"$(inherited)",
				);
				GCC_WARN_64_TO_32_BIT_CONVERSION = YES;
				GCC_WARN_ABOUT_RETURN_TYPE = YES_ERROR;
				GCC_WARN_UNDECLARED_SELECTOR = YES;
				GCC_WARN_UNINITIALIZED_AUTOS = YES_AGGRESSIVE;
				GCC_WARN_UNUSED_FUNCTION = YES;
				GCC_WARN_UNUSED_VARIABLE = YES;
				IPHONEOS_DEPLOYMENT_TARGET = 9.2;
				MTL_ENABLE_DEBUG_INFO = YES;
				ONLY_ACTIVE_ARCH = YES;
				SDKROOT = iphoneos;
				SWIFT_OPTIMIZATION_LEVEL = "-Onone";
			};
			name = Debug;
		};
		03C1543D1C71FFDF0070B69B /* Release */ = {
			isa = XCBuildConfiguration;
			buildSettings = {
				ALWAYS_SEARCH_USER_PATHS = NO;
				CLANG_CXX_LANGUAGE_STANDARD = "gnu++0x";
				CLANG_CXX_LIBRARY = "libc++";
				CLANG_ENABLE_MODULES = YES;
				CLANG_ENABLE_OBJC_ARC = YES;
				CLANG_WARN_BOOL_CONVERSION = YES;
				CLANG_WARN_CONSTANT_CONVERSION = YES;
				CLANG_WARN_DIRECT_OBJC_ISA_USAGE = YES_ERROR;
				CLANG_WARN_EMPTY_BODY = YES;
				CLANG_WARN_ENUM_CONVERSION = YES;
				CLANG_WARN_INT_CONVERSION = YES;
				CLANG_WARN_OBJC_ROOT_CLASS = YES_ERROR;
				CLANG_WARN_UNREACHABLE_CODE = YES;
				CLANG_WARN__DUPLICATE_METHOD_MATCH = YES;
				"CODE_SIGN_IDENTITY[sdk=iphoneos*]" = "iPhone Developer";
				COPY_PHASE_STRIP = NO;
				DEBUG_INFORMATION_FORMAT = "dwarf-with-dsym";
				ENABLE_NS_ASSERTIONS = NO;
				ENABLE_STRICT_OBJC_MSGSEND = YES;
				GCC_C_LANGUAGE_STANDARD = gnu99;
				GCC_NO_COMMON_BLOCKS = YES;
				GCC_WARN_64_TO_32_BIT_CONVERSION = YES;
				GCC_WARN_ABOUT_RETURN_TYPE = YES_ERROR;
				GCC_WARN_UNDECLARED_SELECTOR = YES;
				GCC_WARN_UNINITIALIZED_AUTOS = YES_AGGRESSIVE;
				GCC_WARN_UNUSED_FUNCTION = YES;
				GCC_WARN_UNUSED_VARIABLE = YES;
				IPHONEOS_DEPLOYMENT_TARGET = 9.2;
				MTL_ENABLE_DEBUG_INFO = NO;
				SDKROOT = iphoneos;
				VALIDATE_PRODUCT = YES;
			};
			name = Release;
		};
		03C1543F1C71FFDF0070B69B /* Debug */ = {
			isa = XCBuildConfiguration;
			buildSettings = {
				ASSETCATALOG_COMPILER_APPICON_NAME = AppIcon;
				INFOPLIST_FILE = MNMqttSwift/Info.plist;
				LD_RUNPATH_SEARCH_PATHS = "$(inherited) @executable_path/Frameworks";
				PRODUCT_BUNDLE_IDENTIFIER = mosn.MNMqttSwift;
				PRODUCT_NAME = "$(TARGET_NAME)";
			};
			name = Debug;
		};
		03C154401C71FFDF0070B69B /* Release */ = {
			isa = XCBuildConfiguration;
			buildSettings = {
				ASSETCATALOG_COMPILER_APPICON_NAME = AppIcon;
				INFOPLIST_FILE = MNMqttSwift/Info.plist;
				LD_RUNPATH_SEARCH_PATHS = "$(inherited) @executable_path/Frameworks";
				PRODUCT_BUNDLE_IDENTIFIER = mosn.MNMqttSwift;
				PRODUCT_NAME = "$(TARGET_NAME)";
			};
			name = Release;
		};
/* End XCBuildConfiguration section */

/* Begin XCConfigurationList section */
		03C154271C71FFDF0070B69B /* Build configuration list for PBXProject "MNMqttSwift" */ = {
			isa = XCConfigurationList;
			buildConfigurations = (
				03C1543C1C71FFDF0070B69B /* Debug */,
				03C1543D1C71FFDF0070B69B /* Release */,
			);
			defaultConfigurationIsVisible = 0;
			defaultConfigurationName = Release;
		};
		03C1543E1C71FFDF0070B69B /* Build configuration list for PBXNativeTarget "MNMqttSwift" */ = {
			isa = XCConfigurationList;
			buildConfigurations = (
				03C1543F1C71FFDF0070B69B /* Debug */,
				03C154401C71FFDF0070B69B /* Release */,
			);
			defaultConfigurationIsVisible = 0;
		};
/* End XCConfigurationList section */
	};
	rootObject = 03C154241C71FFDF0070B69B /* Project object */;
}
